
Microsoft Visual Studio Solution File, Format Version 12.00
# Visual Studio Version 16
VisualStudioVersion = 16.0.30804.86
MinimumVisualStudioVersion = 10.0.40219.1
Project("{9A19103F-16F7-4668-BE54-9A1E7A4F7556}") = "Employees.Api", "Employees.Api\Employees.Api.csproj", "{8E489595-F4E7-4295-AB92-EA24D039D211}"
EndProject
Project("{9A19103F-16F7-4668-BE54-9A1E7A4F7556}") = "Employees.Domain", "Employees.Domain\Employees.Domain.csproj", "{2FB34EE4-6D3B-42E2-8D02-00A73E785D02}"
EndProject
Project("{9A19103F-16F7-4668-BE54-9A1E7A4F7556}") = "Employees.Infrastructure", "Employees.Infrastructure\Employees.Infrastructure.csproj", "{8D4B6E66-031D-4186-A690-69F0B001CF7B}"
EndProject
Project("{9A19103F-16F7-4668-BE54-9A1E7A4F7556}") = "Platforms.Api", "Platforms.Api\Platforms.Api.csproj", "{B94E5FD9-E499-4E58-87FC-BB747074CF3F}"
EndProject
Project("{9A19103F-16F7-4668-BE54-9A1E7A4F7556}") = "Platforms.Domain", "Platforms.Domain\Platforms.Domain.csproj", "{51B53697-87A7-4AC8-A23B-BAD6C523DDFE}"
EndProject
Project("{2150E333-8FDC-42A3-9474-1A3956D46DE8}") = "Dockerfiles", "Dockerfiles", "{CBEA1011-045F-4396-BF8A-8672FA145D69}"
	ProjectSection(SolutionItems) = preProject
		Dockerfile.Employees = Dockerfile.Employees
		Dockerfile.Platforms = Dockerfile.Platforms
	EndProjectSection
EndProject
Global
	GlobalSection(SolutionConfigurationPlatforms) = preSolution
		Debug|Any CPU = Debug|Any CPU
		Release|Any CPU = Release|Any CPU
	EndGlobalSection
	GlobalSection(ProjectConfigurationPlatforms) = postSolution
		{8E489595-F4E7-4295-AB92-EA24D039D211}.Debug|Any CPU.ActiveCfg = Debug|Any CPU
		{8E489595-F4E7-4295-AB92-EA24D039D211}.Debug|Any CPU.Build.0 = Debug|Any CPU
		{8E489595-F4E7-4295-AB92-EA24D039D211}.Release|Any CPU.ActiveCfg = Release|Any CPU
		{8E489595-F4E7-4295-AB92-EA24D039D211}.Release|Any CPU.Build.0 = Release|Any CPU
		{2FB34EE4-6D3B-42E2-8D02-00A73E785D02}.Debug|Any CPU.ActiveCfg = Debug|Any CPU
		{2FB34EE4-6D3B-42E2-8D02-00A73E785D02}.Debug|Any CPU.Build.0 = Debug|Any CPU
		{2FB34EE4-6D3B-42E2-8D02-00A73E785D02}.Release|Any CPU.ActiveCfg = Release|Any CPU
		{2FB34EE4-6D3B-42E2-8D02-00A73E785D02}.Release|Any CPU.Build.0 = Release|Any CPU
		{8D4B6E66-031D-4186-A690-69F0B001CF7B}.Debug|Any CPU.ActiveCfg = Debug|Any CPU
		{8D4B6E66-031D-4186-A690-69F0B001CF7B}.Debug|Any CPU.Build.0 = Debug|Any CPU
		{8D4B6E66-031D-4186-A690-69F0B001CF7B}.Release|Any CPU.ActiveCfg = Release|Any CPU
		{8D4B6E66-031D-4186-A690-69F0B001CF7B}.Release|Any CPU.Build.0 = Release|Any CPU
		{B94E5FD9-E499-4E58-87FC-BB747074CF3F}.Debug|Any CPU.ActiveCfg = Debug|Any CPU
		{B94E5FD9-E499-4E58-87FC-BB747074CF3F}.Debug|Any CPU.Build.0 = Debug|Any CPU
		{B94E5FD9-E499-4E58-87FC-BB747074CF3F}.Release|Any CPU.ActiveCfg = Release|Any CPU
		{B94E5FD9-E499-4E58-87FC-BB747074CF3F}.Release|Any CPU.Build.0 = Release|Any CPU
		{51B53697-87A7-4AC8-A23B-BAD6C523DDFE}.Debug|Any CPU.ActiveCfg = Debug|Any CPU
		{51B53697-87A7-4AC8-A23B-BAD6C523DDFE}.Debug|Any CPU.Build.0 = Debug|Any CPU
		{51B53697-87A7-4AC8-A23B-BAD6C523DDFE}.Release|Any CPU.ActiveCfg = Release|Any CPU
		{51B53697-87A7-4AC8-A23B-BAD6C523DDFE}.Release|Any CPU.Build.0 = Release|Any CPU
	EndGlobalSection
	GlobalSection(SolutionProperties) = preSolution
		HideSolutionNode = FALSE
	EndGlobalSection
	GlobalSection(ExtensibilityGlobals) = postSolution
		SolutionGuid = {68C8982B-50B7-4338-91A5-BC53CF910300}
	EndGlobalSection
EndGlobal
